
Microsoft Visual Studio Solution File, Format Version 12.00
# Visual Studio Version 16
VisualStudioVersion = 16.0.30804.86
MinimumVisualStudioVersion = 10.0.40219.1
Project("{FAE04EC0-301F-11D3-BF4B-00C04F79EFBC}") = "KateKurs", "KateKurs.csproj", "{476CBE8F-82BC-4CC6-9327-540D823F2CFC}"
EndProject
Project("{2150E333-8FDC-42A3-9474-1A3956D46DE8}") = "Solution Items", "Solution Items", "{34DBB045-79C0-41BD-BF37-8A8EE820A553}"
	ProjectSection(SolutionItems) = preProject
		..\proekt.mdf = ..\proekt.mdf
	EndProjectSection
EndProject
Global
	GlobalSection(SolutionConfigurationPlatforms) = preSolution
		Debug|Any CPU = Debug|Any CPU
		Release|Any CPU = Release|Any CPU
	EndGlobalSection
	GlobalSection(ProjectConfigurationPlatforms) = postSolution
		{476CBE8F-82BC-4CC6-9327-540D823F2CFC}.Debug|Any CPU.ActiveCfg = Debug|Any CPU
		{476CBE8F-82BC-4CC6-9327-540D823F2CFC}.Debug|Any CPU.Build.0 = Debug|Any CPU
		{476CBE8F-82BC-4CC6-9327-540D823F2CFC}.Release|Any CPU.ActiveCfg = Release|Any CPU
		{476CBE8F-82BC-4CC6-9327-540D823F2CFC}.Release|Any CPU.Build.0 = Release|Any CPU
	EndGlobalSection
	GlobalSection(SolutionProperties) = preSolution
		HideSolutionNode = FALSE
	EndGlobalSection
	GlobalSection(ExtensibilityGlobals) = postSolution
		SolutionGuid = {C4720036-7B27-45C7-B952-4348EF02956F}
	EndGlobalSection
EndGlobal
